
Microsoft Visual Studio Solution File, Format Version 12.00
# Visual Studio 15
VisualStudioVersion = 15.0.27428.2037
MinimumVisualStudioVersion = 10.0.40219.1
Project("{FAE04EC0-301F-11D3-BF4B-00C04F79EFBC}") = "Rifin", "Rifin\Rifin.csproj", "{DDA5510E-78AD-4EAF-A15E-641FB0A03D2F}"
EndProject
Project("{FAE04EC0-301F-11D3-BF4B-00C04F79EFBC}") = "SupportVectorMachine", "..\SupportVectorMachine\SupportVectorMachine\SupportVectorMachine.csproj", "{99608D19-87B1-47E9-A975-BD3AB8F9EE67}"
EndProject
Global
	GlobalSection(SolutionConfigurationPlatforms) = preSolution
		Debug|Any CPU = Debug|Any CPU
		Release|Any CPU = Release|Any CPU
	EndGlobalSection
	GlobalSection(ProjectConfigurationPlatforms) = postSolution
		{DDA5510E-78AD-4EAF-A15E-641FB0A03D2F}.Debug|Any CPU.ActiveCfg = Debug|Any CPU
		{DDA5510E-78AD-4EAF-A15E-641FB0A03D2F}.Debug|Any CPU.Build.0 = Debug|Any CPU
		{DDA5510E-78AD-4EAF-A15E-641FB0A03D2F}.Release|Any CPU.ActiveCfg = Release|Any CPU
		{DDA5510E-78AD-4EAF-A15E-641FB0A03D2F}.Release|Any CPU.Build.0 = Release|Any CPU
		{99608D19-87B1-47E9-A975-BD3AB8F9EE67}.Debug|Any CPU.ActiveCfg = Debug|Any CPU
		{99608D19-87B1-47E9-A975-BD3AB8F9EE67}.Debug|Any CPU.Build.0 = Debug|Any CPU
		{99608D19-87B1-47E9-A975-BD3AB8F9EE67}.Release|Any CPU.ActiveCfg = Release|Any CPU
		{99608D19-87B1-47E9-A975-BD3AB8F9EE67}.Release|Any CPU.Build.0 = Release|Any CPU
	EndGlobalSection
	GlobalSection(SolutionProperties) = preSolution
		HideSolutionNode = FALSE
	EndGlobalSection
	GlobalSection(ExtensibilityGlobals) = postSolution
		SolutionGuid = {E605E981-C4DB-4A56-8AD6-D212C3DCBA3A}
	EndGlobalSection
EndGlobal
